
Microsoft Visual Studio Solution File, Format Version 12.00
# Visual Studio Version 17
VisualStudioVersion = 17.12.35527.113 d17.12
MinimumVisualStudioVersion = 10.0.40219.1
Project("{FAE04EC0-301F-11D3-BF4B-00C04F79EFBC}") = "CBL_CasinoSuite", "CBL_CasinoSuite\CBL_CasinoSuite.csproj", "{D6143DE2-FDB7-4EBE-B6BA-6A1DADB3216E}"
EndProject
Global
	GlobalSection(SolutionConfigurationPlatforms) = preSolution
		Debug|Any CPU = Debug|Any CPU
		Release|Any CPU = Release|Any CPU
	EndGlobalSection
	GlobalSection(ProjectConfigurationPlatforms) = postSolution
		{D6143DE2-FDB7-4EBE-B6BA-6A1DADB3216E}.Debug|Any CPU.ActiveCfg = Debug|Any CPU
		{D6143DE2-FDB7-4EBE-B6BA-6A1DADB3216E}.Debug|Any CPU.Build.0 = Debug|Any CPU
		{D6143DE2-FDB7-4EBE-B6BA-6A1DADB3216E}.Release|Any CPU.ActiveCfg = Release|Any CPU
		{D6143DE2-FDB7-4EBE-B6BA-6A1DADB3216E}.Release|Any CPU.Build.0 = Release|Any CPU
	EndGlobalSection
	GlobalSection(SolutionProperties) = preSolution
		HideSolutionNode = FALSE
	EndGlobalSection
EndGlobal
